
Microsoft Visual Studio Solution File, Format Version 12.00
# Visual Studio Version 17
VisualStudioVersion = 17.8.34205.153
MinimumVisualStudioVersion = 10.0.40219.1
Project("{888888A0-9F3D-457C-B088-3A5042F75D52}") = "Neural_network_service", "Neural_network_service.pyproj", "{628ED7FC-59A6-4238-A481-CEE45D83A038}"
EndProject
Global
	GlobalSection(SolutionConfigurationPlatforms) = preSolution
		Debug|Any CPU = Debug|Any CPU
		Release|Any CPU = Release|Any CPU
	EndGlobalSection
	GlobalSection(ProjectConfigurationPlatforms) = postSolution
		{628ED7FC-59A6-4238-A481-CEE45D83A038}.Debug|Any CPU.ActiveCfg = Debug|Any CPU
		{628ED7FC-59A6-4238-A481-CEE45D83A038}.Release|Any CPU.ActiveCfg = Release|Any CPU
	EndGlobalSection
	GlobalSection(SolutionProperties) = preSolution
		HideSolutionNode = FALSE
	EndGlobalSection
	GlobalSection(ExtensibilityGlobals) = postSolution
		SolutionGuid = {448F4922-64D9-402E-8C39-BDCC789AE905}
	EndGlobalSection
EndGlobal
