
Microsoft Visual Studio Solution File, Format Version 12.00
# Visual Studio Version 17
VisualStudioVersion = 17.7.33711.374
MinimumVisualStudioVersion = 10.0.40219.1
Project("{888888A0-9F3D-457C-B088-3A5042F75D52}") = "OFA_research", "OFA_research.pyproj", "{4B58B363-F23B-42D3-A3B3-DA6DEA6ABF9C}"
EndProject
Global
	GlobalSection(SolutionConfigurationPlatforms) = preSolution
		Debug|Any CPU = Debug|Any CPU
		Release|Any CPU = Release|Any CPU
	EndGlobalSection
	GlobalSection(ProjectConfigurationPlatforms) = postSolution
		{4B58B363-F23B-42D3-A3B3-DA6DEA6ABF9C}.Debug|Any CPU.ActiveCfg = Debug|Any CPU
		{4B58B363-F23B-42D3-A3B3-DA6DEA6ABF9C}.Release|Any CPU.ActiveCfg = Release|Any CPU
	EndGlobalSection
	GlobalSection(SolutionProperties) = preSolution
		HideSolutionNode = FALSE
	EndGlobalSection
	GlobalSection(ExtensibilityGlobals) = postSolution
		SolutionGuid = {1441E442-62C0-4E7A-A7AC-0C50CAE50238}
	EndGlobalSection
EndGlobal
