
Microsoft Visual Studio Solution File, Format Version 12.00
# Visual Studio Version 17
VisualStudioVersion = 17.9.34407.89
MinimumVisualStudioVersion = 10.0.40219.1
Project("{888888A0-9F3D-457C-B088-3A5042F75D52}") = "StableDiffusionText2Img", "StableDiffusionText2Img.pyproj", "{126B01FC-6D82-4009-A3AF-48D1E874631D}"
EndProject
Global
	GlobalSection(SolutionConfigurationPlatforms) = preSolution
		Debug|Any CPU = Debug|Any CPU
		Release|Any CPU = Release|Any CPU
	EndGlobalSection
	GlobalSection(ProjectConfigurationPlatforms) = postSolution
		{126B01FC-6D82-4009-A3AF-48D1E874631D}.Debug|Any CPU.ActiveCfg = Debug|Any CPU
		{126B01FC-6D82-4009-A3AF-48D1E874631D}.Release|Any CPU.ActiveCfg = Release|Any CPU
	EndGlobalSection
	GlobalSection(SolutionProperties) = preSolution
		HideSolutionNode = FALSE
	EndGlobalSection
	GlobalSection(ExtensibilityGlobals) = postSolution
		SolutionGuid = {BCE9152A-23ED-474C-85C8-22A96F49AD25}
	EndGlobalSection
EndGlobal
